// !$*UTF8*$!
{
	archiveVersion = 1;
	classes = {
	};
	objectVersion = 50;
	objects = {

/* Begin PBXBuildFile section */
		1EB0E08222FD4F3C00935472 /* AppDelegate.m in Sources */ = {isa = PBXBuildFile; fileRef = 1EB0E08122FD4F3C00935472 /* AppDelegate.m */; };
		1EB0E08522FD4F3C00935472 /* ViewController.m in Sources */ = {isa = PBXBuildFile; fileRef = 1EB0E08422FD4F3C00935472 /* ViewController.m */; };
		1EB0E08822FD4F3C00935472 /* Main.storyboard in Resources */ = {isa = PBXBuildFile; fileRef = 1EB0E08622FD4F3C00935472 /* Main.storyboard */; };
		1EB0E08A22FD4F3D00935472 /* Assets.xcassets in Resources */ = {isa = PBXBuildFile; fileRef = 1EB0E08922FD4F3D00935472 /* Assets.xcassets */; };
		1EB0E08D22FD4F3D00935472 /* LaunchScreen.storyboard in Resources */ = {isa = PBXBuildFile; fileRef = 1EB0E08B22FD4F3D00935472 /* LaunchScreen.storyboard */; };
		1EB0E09022FD4F3D00935472 /* main.m in Sources */ = {isa = PBXBuildFile; fileRef = 1EB0E08F22FD4F3D00935472 /* main.m */; };
		1ED7919A22FDBD3400579CCE /* BLECentralService.m in Sources */ = {isa = PBXBuildFile; fileRef = 1ED7919922FDBD3400579CCE /* BLECentralService.m */; };
		1ED7919D22FDBDEB00579CCE /* BLEPeripheralHandler.m in Sources */ = {isa = PBXBuildFile; fileRef = 1ED7919C22FDBDEB00579CCE /* BLEPeripheralHandler.m */; };
		1ED791A322FDBF7400579CCE /* BLEAudioService.m in Sources */ = {isa = PBXBuildFile; fileRef = 1ED791A222FDBF7400579CCE /* BLEAudioService.m */; };
		1ED791A522FE208500579CCE /* sample.mp3 in Resources */ = {isa = PBXBuildFile; fileRef = 1ED791A422FE208400579CCE /* sample.mp3 */; };
/* End PBXBuildFile section */

/* Begin PBXFileReference section */
		1EB0E07D22FD4F3C00935472 /* BLECentralApp.app */ = {isa = PBXFileReference; explicitFileType = wrapper.application; includeInIndex = 0; path = BLECentralApp.app; sourceTree = BUILT_PRODUCTS_DIR; };
		1EB0E08022FD4F3C00935472 /* AppDelegate.h */ = {isa = PBXFileReference; lastKnownFileType = sourcecode.c.h; path = AppDelegate.h; sourceTree = "<group>"; };
		1EB0E08122FD4F3C00935472 /* AppDelegate.m */ = {isa = PBXFileReference; lastKnownFileType = sourcecode.c.objc; path = AppDelegate.m; sourceTree = "<group>"; };
		1EB0E08322FD4F3C00935472 /* ViewController.h */ = {isa = PBXFileReference; lastKnownFileType = sourcecode.c.h; path = ViewController.h; sourceTree = "<group>"; };
		1EB0E08422FD4F3C00935472 /* ViewController.m */ = {isa = PBXFileReference; lastKnownFileType = sourcecode.c.objc; path = ViewController.m; sourceTree = "<group>"; };
		1EB0E08722FD4F3C00935472 /* Base */ = {isa = PBXFileReference; lastKnownFileType = file.storyboard; name = Base; path = Base.lproj/Main.storyboard; sourceTree = "<group>"; };
		1EB0E08922FD4F3D00935472 /* Assets.xcassets */ = {isa = PBXFileReference; lastKnownFileType = folder.assetcatalog; path = Assets.xcassets; sourceTree = "<group>"; };
		1EB0E08C22FD4F3D00935472 /* Base */ = {isa = PBXFileReference; lastKnownFileType = file.storyboard; name = Base; path = Base.lproj/LaunchScreen.storyboard; sourceTree = "<group>"; };
		1EB0E08E22FD4F3D00935472 /* Info.plist */ = {isa = PBXFileReference; lastKnownFileType = text.plist.xml; path = Info.plist; sourceTree = "<group>"; };
		1EB0E08F22FD4F3D00935472 /* main.m */ = {isa = PBXFileReference; lastKnownFileType = sourcecode.c.objc; path = main.m; sourceTree = "<group>"; };
		1ED7919822FDBD3400579CCE /* BLECentralService.h */ = {isa = PBXFileReference; lastKnownFileType = sourcecode.c.h; path = BLECentralService.h; sourceTree = "<group>"; };
		1ED7919922FDBD3400579CCE /* BLECentralService.m */ = {isa = PBXFileReference; lastKnownFileType = sourcecode.c.objc; path = BLECentralService.m; sourceTree = "<group>"; };
		1ED7919B22FDBDEB00579CCE /* BLEPeripheralHandler.h */ = {isa = PBXFileReference; lastKnownFileType = sourcecode.c.h; path = BLEPeripheralHandler.h; sourceTree = "<group>"; };
		1ED7919C22FDBDEB00579CCE /* BLEPeripheralHandler.m */ = {isa = PBXFileReference; lastKnownFileType = sourcecode.c.objc; path = BLEPeripheralHandler.m; sourceTree = "<group>"; };
		1ED7919E22FDBE9200579CCE /* BLEConstants.h */ = {isa = PBXFileReference; lastKnownFileType = sourcecode.c.h; path = BLEConstants.h; sourceTree = "<group>"; };
		1ED791A122FDBF7400579CCE /* BLEAudioService.h */ = {isa = PBXFileReference; lastKnownFileType = sourcecode.c.h; path = BLEAudioService.h; sourceTree = "<group>"; };
		1ED791A222FDBF7400579CCE /* BLEAudioService.m */ = {isa = PBXFileReference; lastKnownFileType = sourcecode.c.objc; path = BLEAudioService.m; sourceTree = "<group>"; };
		1ED791A422FE208400579CCE /* sample.mp3 */ = {isa = PBXFileReference; lastKnownFileType = audio.mp3; path = sample.mp3; sourceTree = "<group>"; };
/* End PBXFileReference section */

/* Begin PBXFrameworksBuildPhase section */
		1EB0E07A22FD4F3C00935472 /* Frameworks */ = {
			isa = PBXFrameworksBuildPhase;
			buildActionMask = 2147483647;
			files = (
			);
			runOnlyForDeploymentPostprocessing = 0;
		};
/* End PBXFrameworksBuildPhase section */

/* Begin PBXGroup section */
		1EB0E07422FD4F3C00935472 = {
			isa = PBXGroup;
			children = (
				1EB0E07F22FD4F3C00935472 /* BLECentralApp */,
				1EB0E07E22FD4F3C00935472 /* Products */,
			);
			sourceTree = "<group>";
		};
		1EB0E07E22FD4F3C00935472 /* Products */ = {
			isa = PBXGroup;
			children = (
				1EB0E07D22FD4F3C00935472 /* BLECentralApp.app */,
			);
			name = Products;
			sourceTree = "<group>";
		};
		1EB0E07F22FD4F3C00935472 /* BLECentralApp */ = {
			isa = PBXGroup;
			children = (
				1EB0E08022FD4F3C00935472 /* AppDelegate.h */,
				1EB0E08122FD4F3C00935472 /* AppDelegate.m */,
				1EB0E08322FD4F3C00935472 /* ViewController.h */,
				1EB0E08422FD4F3C00935472 /* ViewController.m */,
				1EB0E08622FD4F3C00935472 /* Main.storyboard */,
				1ED791A422FE208400579CCE /* sample.mp3 */,
				1EB0E08922FD4F3D00935472 /* Assets.xcassets */,
				1EB0E08B22FD4F3D00935472 /* LaunchScreen.storyboard */,
				1EB0E08E22FD4F3D00935472 /* Info.plist */,
				1EB0E08F22FD4F3D00935472 /* main.m */,
				1ED7919E22FDBE9200579CCE /* BLEConstants.h */,
				1ED7919822FDBD3400579CCE /* BLECentralService.h */,
				1ED7919922FDBD3400579CCE /* BLECentralService.m */,
				1ED7919B22FDBDEB00579CCE /* BLEPeripheralHandler.h */,
				1ED7919C22FDBDEB00579CCE /* BLEPeripheralHandler.m */,
				1ED791A122FDBF7400579CCE /* BLEAudioService.h */,
				1ED791A222FDBF7400579CCE /* BLEAudioService.m */,
			);
			path = BLECentralApp;
			sourceTree = "<group>";
		};
/* End PBXGroup section */

/* Begin PBXNativeTarget section */
		1EB0E07C22FD4F3C00935472 /* BLECentralApp */ = {
			isa = PBXNativeTarget;
			buildConfigurationList = 1EB0E09322FD4F3D00935472 /* Build configuration list for PBXNativeTarget "BLECentralApp" */;
			buildPhases = (
				1EB0E07922FD4F3C00935472 /* Sources */,
				1EB0E07A22FD4F3C00935472 /* Frameworks */,
				1EB0E07B22FD4F3C00935472 /* Resources */,
			);
			buildRules = (
			);
			dependencies = (
			);
			name = BLECentralApp;
			productName = BLECentralApp;
			productReference = 1EB0E07D22FD4F3C00935472 /* BLECentralApp.app */;
			productType = "com.apple.product-type.application";
		};
/* End PBXNativeTarget section */

/* Begin PBXProject section */
		1EB0E07522FD4F3C00935472 /* Project object */ = {
			isa = PBXProject;
			attributes = {
				LastUpgradeCheck = 1020;
				ORGANIZATIONNAME = "Jevgeni Tsaikin";
				TargetAttributes = {
					1EB0E07C22FD4F3C00935472 = {
						CreatedOnToolsVersion = 10.2.1;
					};
				};
			};
			buildConfigurationList = 1EB0E07822FD4F3C00935472 /* Build configuration list for PBXProject "BLECentralApp" */;
			compatibilityVersion = "Xcode 9.3";
			developmentRegion = en;
			hasScannedForEncodings = 0;
			knownRegions = (
				en,
				Base,
			);
			mainGroup = 1EB0E07422FD4F3C00935472;
			productRefGroup = 1EB0E07E22FD4F3C00935472 /* Products */;
			projectDirPath = "";
			projectRoot = "";
			targets = (
				1EB0E07C22FD4F3C00935472 /* BLECentralApp */,
			);
		};
/* End PBXProject section */

/* Begin PBXResourcesBuildPhase section */
		1EB0E07B22FD4F3C00935472 /* Resources */ = {
			isa = PBXResourcesBuildPhase;
			buildActionMask = 2147483647;
			files = (
				1EB0E08D22FD4F3D00935472 /* LaunchScreen.storyboard in Resources */,
				1EB0E08A22FD4F3D00935472 /* Assets.xcassets in Resources */,
				1ED791A522FE208500579CCE /* sample.mp3 in Resources */,
				1EB0E08822FD4F3C00935472 /* Main.storyboard in Resources */,
			);
			runOnlyForDeploymentPostprocessing = 0;
		};
/* End PBXResourcesBuildPhase section */

/* Begin PBXSourcesBuildPhase section */
		1EB0E07922FD4F3C00935472 /* Sources */ = {
			isa = PBXSourcesBuildPhase;
			buildActionMask = 2147483647;
			files = (
				1EB0E08522FD4F3C00935472 /* ViewController.m in Sources */,
				1ED7919D22FDBDEB00579CCE /* BLEPeripheralHandler.m in Sources */,
				1ED791A322FDBF7400579CCE /* BLEAudioService.m in Sources */,
				1EB0E09022FD4F3D00935472 /* main.m in Sources */,
				1EB0E08222FD4F3C00935472 /* AppDelegate.m in Sources */,
				1ED7919A22FDBD3400579CCE /* BLECentralService.m in Sources */,
			);
			runOnlyForDeploymentPostprocessing = 0;
		};
/* End PBXSourcesBuildPhase section */

/* Begin PBXVariantGroup section */
		1EB0E08622FD4F3C00935472 /* Main.storyboard */ = {
			isa = PBXVariantGroup;
			children = (
				1EB0E08722FD4F3C00935472 /* Base */,
			);
			name = Main.storyboard;
			sourceTree = "<group>";
		};
		1EB0E08B22FD4F3D00935472 /* LaunchScreen.storyboard */ = {
			isa = PBXVariantGroup;
			children = (
				1EB0E08C22FD4F3D00935472 /* Base */,
			);
			name = LaunchScreen.storyboard;
			sourceTree = "<group>";
		};
/* End PBXVariantGroup section */

/* Begin XCBuildConfiguration section */
		1EB0E09122FD4F3D00935472 /* Debug */ = {
			isa = XCBuildConfiguration;
			buildSettings = {
				ALWAYS_SEARCH_USER_PATHS = NO;
				CLANG_ANALYZER_NONNULL = YES;
				CLANG_ANALYZER_NUMBER_OBJECT_CONVERSION = YES_AGGRESSIVE;
				CLANG_CXX_LANGUAGE_STANDARD = "gnu++14";
				CLANG_CXX_LIBRARY = "libc++";
				CLANG_ENABLE_MODULES = YES;
				CLANG_ENABLE_OBJC_ARC = YES;
				CLANG_ENABLE_OBJC_WEAK = YES;
				CLANG_WARN_BLOCK_CAPTURE_AUTORELEASING = YES;
				CLANG_WARN_BOOL_CONVERSION = YES;
				CLANG_WARN_COMMA = YES;
				CLANG_WARN_CONSTANT_CONVERSION = YES;
				CLANG_WARN_DEPRECATED_OBJC_IMPLEMENTATIONS = YES;
				CLANG_WARN_DIRECT_OBJC_ISA_USAGE = YES_ERROR;
				CLANG_WARN_DOCUMENTATION_COMMENTS = YES;
				CLANG_WARN_EMPTY_BODY = YES;
				CLANG_WARN_ENUM_CONVERSION = YES;
				CLANG_WARN_INFINITE_RECURSION = YES;
				CLANG_WARN_INT_CONVERSION = YES;
				CLANG_WARN_NON_LITERAL_NULL_CONVERSION = YES;
				CLANG_WARN_OBJC_IMPLICIT_RETAIN_SELF = YES;
				CLANG_WARN_OBJC_LITERAL_CONVERSION = YES;
				CLANG_WARN_OBJC_ROOT_CLASS = YES_ERROR;
				CLANG_WARN_RANGE_LOOP_ANALYSIS = YES;
				CLANG_WARN_STRICT_PROTOTYPES = YES;
				CLANG_WARN_SUSPICIOUS_MOVE = YES;
				CLANG_WARN_UNGUARDED_AVAILABILITY = YES_AGGRESSIVE;
				CLANG_WARN_UNREACHABLE_CODE = YES;
				CLANG_WARN__DUPLICATE_METHOD_MATCH = YES;
				CODE_SIGN_IDENTITY = "iPhone Developer";
				COPY_PHASE_STRIP = NO;
				DEBUG_INFORMATION_FORMAT = dwarf;
				ENABLE_STRICT_OBJC_MSGSEND = YES;
				ENABLE_TESTABILITY = YES;
				GCC_C_LANGUAGE_STANDARD = gnu11;
				GCC_DYNAMIC_NO_PIC = NO;
				GCC_NO_COMMON_BLOCKS = YES;
				GCC_OPTIMIZATION_LEVEL = 0;
				GCC_PREPROCESSOR_DEFINITIONS = (
					"DEBUG=1",
					"$(inherited)",
				);
				GCC_WARN_64_TO_32_BIT_CONVERSION = YES;
				GCC_WARN_ABOUT_RETURN_TYPE = YES_ERROR;
				GCC_WARN_UNDECLARED_SELECTOR = YES;
				GCC_WARN_UNINITIALIZED_AUTOS = YES_AGGRESSIVE;
				GCC_WARN_UNUSED_FUNCTION = YES;
				GCC_WARN_UNUSED_VARIABLE = YES;
				IPHONEOS_DEPLOYMENT_TARGET = 12.2;
				MTL_ENABLE_DEBUG_INFO = INCLUDE_SOURCE;
				MTL_FAST_MATH = YES;
				ONLY_ACTIVE_ARCH = YES;
				SDKROOT = iphoneos;
			};
			name = Debug;
		};
		1EB0E09222FD4F3D00935472 /* Release */ = {
			isa = XCBuildConfiguration;
			buildSettings = {
				ALWAYS_SEARCH_USER_PATHS = NO;
				CLANG_ANALYZER_NONNULL = YES;
				CLANG_ANALYZER_NUMBER_OBJECT_CONVERSION = YES_AGGRESSIVE;
				CLANG_CXX_LANGUAGE_STANDARD = "gnu++14";
				CLANG_CXX_LIBRARY = "libc++";
				CLANG_ENABLE_MODULES = YES;
				CLANG_ENABLE_OBJC_ARC = YES;
				CLANG_ENABLE_OBJC_WEAK = YES;
				CLANG_WARN_BLOCK_CAPTURE_AUTORELEASING = YES;
				CLANG_WARN_BOOL_CONVERSION = YES;
				CLANG_WARN_COMMA = YES;
				CLANG_WARN_CONSTANT_CONVERSION = YES;
				CLANG_WARN_DEPRECATED_OBJC_IMPLEMENTATIONS = YES;
				CLANG_WARN_DIRECT_OBJC_ISA_USAGE = YES_ERROR;
				CLANG_WARN_DOCUMENTATION_COMMENTS = YES;
				CLANG_WARN_EMPTY_BODY = YES;
				CLANG_WARN_ENUM_CONVERSION = YES;
				CLANG_WARN_INFINITE_RECURSION = YES;
				CLANG_WARN_INT_CONVERSION = YES;
				CLANG_WARN_NON_LITERAL_NULL_CONVERSION = YES;
				CLANG_WARN_OBJC_IMPLICIT_RETAIN_SELF = YES;
				CLANG_WARN_OBJC_LITERAL_CONVERSION = YES;
				CLANG_WARN_OBJC_ROOT_CLASS = YES_ERROR;
				CLANG_WARN_RANGE_LOOP_ANALYSIS = YES;
				CLANG_WARN_STRICT_PROTOTYPES = YES;
				CLANG_WARN_SUSPICIOUS_MOVE = YES;
				CLANG_WARN_UNGUARDED_AVAILABILITY = YES_AGGRESSIVE;
				CLANG_WARN_UNREACHABLE_CODE = YES;
				CLANG_WARN__DUPLICATE_METHOD_MATCH = YES;
				CODE_SIGN_IDENTITY = "iPhone Developer";
				COPY_PHASE_STRIP = NO;
				DEBUG_INFORMATION_FORMAT = "dwarf-with-dsym";
				ENABLE_NS_ASSERTIONS = NO;
				ENABLE_STRICT_OBJC_MSGSEND = YES;
				GCC_C_LANGUAGE_STANDARD = gnu11;
				GCC_NO_COMMON_BLOCKS = YES;
				GCC_WARN_64_TO_32_BIT_CONVERSION = YES;
				GCC_WARN_ABOUT_RETURN_TYPE = YES_ERROR;
				GCC_WARN_UNDECLARED_SELECTOR = YES;
				GCC_WARN_UNINITIALIZED_AUTOS = YES_AGGRESSIVE;
				GCC_WARN_UNUSED_FUNCTION = YES;
				GCC_WARN_UNUSED_VARIABLE = YES;
				IPHONEOS_DEPLOYMENT_TARGET = 12.2;
				MTL_ENABLE_DEBUG_INFO = NO;
				MTL_FAST_MATH = YES;
				SDKROOT = iphoneos;
				VALIDATE_PRODUCT = YES;
			};
			name = Release;
		};
		1EB0E09422FD4F3D00935472 /* Debug */ = {
			isa = XCBuildConfiguration;
			buildSettings = {
				ASSETCATALOG_COMPILER_APPICON_NAME = AppIcon;
				CODE_SIGN_STYLE = Automatic;
				DEVELOPMENT_TEAM = ZZRHMHG4ZV;
				INFOPLIST_FILE = BLECentralApp/Info.plist;
				LD_RUNPATH_SEARCH_PATHS = (
					"$(inherited)",
					"@executable_path/Frameworks",
				);
				PRODUCT_BUNDLE_IDENTIFIER = net.jevgeni.BLECentralApp;
				PRODUCT_NAME = "$(TARGET_NAME)";
				TARGETED_DEVICE_FAMILY = "1,2";
			};
			name = Debug;
		};
		1EB0E09522FD4F3D00935472 /* Release */ = {
			isa = XCBuildConfiguration;
			buildSettings = {
				ASSETCATALOG_COMPILER_APPICON_NAME = AppIcon;
				CODE_SIGN_STYLE = Automatic;
				DEVELOPMENT_TEAM = ZZRHMHG4ZV;
				INFOPLIST_FILE = BLECentralApp/Info.plist;
				LD_RUNPATH_SEARCH_PATHS = (
					"$(inherited)",
					"@executable_path/Frameworks",
				);
				PRODUCT_BUNDLE_IDENTIFIER = net.jevgeni.BLECentralApp;
				PRODUCT_NAME = "$(TARGET_NAME)";
				TARGETED_DEVICE_FAMILY = "1,2";
			};
			name = Release;
		};
/* End XCBuildConfiguration section */

/* Begin XCConfigurationList section */
		1EB0E07822FD4F3C00935472 /* Build configuration list for PBXProject "BLECentralApp" */ = {
			isa = XCConfigurationList;
			buildConfigurations = (
				1EB0E09122FD4F3D00935472 /* Debug */,
				1EB0E09222FD4F3D00935472 /* Release */,
			);
			defaultConfigurationIsVisible = 0;
			defaultConfigurationName = Release;
		};
		1EB0E09322FD4F3D00935472 /* Build configuration list for PBXNativeTarget "BLECentralApp" */ = {
			isa = XCConfigurationList;
			buildConfigurations = (
				1EB0E09422FD4F3D00935472 /* Debug */,
				1EB0E09522FD4F3D00935472 /* Release */,
			);
			defaultConfigurationIsVisible = 0;
			defaultConfigurationName = Release;
		};
/* End XCConfigurationList section */
	};
	rootObject = 1EB0E07522FD4F3C00935472 /* Project object */;
}
